
Microsoft Visual Studio Solution File, Format Version 12.00
# Visual Studio Version 16
VisualStudioVersion = 16.0.30204.135
MinimumVisualStudioVersion = 10.0.40219.1
Project("{2150E333-8FDC-42A3-9474-1A3956D46DE8}") = "Solution Items", "Solution Items", "{4CB3F965-1FEA-4A75-A142-0FDBB4919224}"
	ProjectSection(SolutionItems) = preProject
		.editorconfig = .editorconfig
		AUTHORS.md = AUTHORS.md
		CODE_OF_CONDUCT.md = CODE_OF_CONDUCT.md
		CONTRIBUTING.md = CONTRIBUTING.md
		.github\workflows\dist.yml = .github\workflows\dist.yml
		.github\workflows\dotnet-core.yml = .github\workflows\dotnet-core.yml
		LICENSE = LICENSE
		README.md = README.md
		SECURITY.md = SECURITY.md
		THIRD-PARTY-NOTICES.txt = THIRD-PARTY-NOTICES.txt
		build\version.json = build\version.json
		build\version.sh = build\version.sh
	EndProjectSection
EndProject
Project("{9A19103F-16F7-4668-BE54-9A1E7A4F7556}") = "egregore", "src\egregore\egregore.csproj", "{740D1ED1-3341-4B18-8F63-8C3A389EB365}"
EndProject
Project("{9A19103F-16F7-4668-BE54-9A1E7A4F7556}") = "egregore.Tests", "test\egregore.Tests\egregore.Tests.csproj", "{464085BF-C52F-4967-9760-D5E463B1E18E}"
EndProject
Project("{9A19103F-16F7-4668-BE54-9A1E7A4F7556}") = "Noise", "submodules\noise\Noise\Noise.csproj", "{B9F219AA-E7BF-4A80-B4C1-DEE7B2644657}"
EndProject
Project("{9A19103F-16F7-4668-BE54-9A1E7A4F7556}") = "Noise.Examples", "submodules\noise\Noise.Examples\Noise.Examples.csproj", "{75BA8D23-3BD0-4C40-857D-5F97A40E6090}"
EndProject
Project("{9A19103F-16F7-4668-BE54-9A1E7A4F7556}") = "Noise.Tests", "submodules\noise\Noise.Tests\Noise.Tests.csproj", "{782C776C-0E66-4831-8234-5F618DE3E512}"
EndProject
Project("{2150E333-8FDC-42A3-9474-1A3956D46DE8}") = "lib", "lib", "{F836212F-01E6-4CA7-9E38-33C5E4A15E12}"
EndProject
Project("{9A19103F-16F7-4668-BE54-9A1E7A4F7556}") = "egregore.Shared", "src\egregore.Shared\egregore.Shared.csproj", "{C23A9DB4-3158-4DB3-814E-F97C4C3E24FC}"
EndProject
Project("{9A19103F-16F7-4668-BE54-9A1E7A4F7556}") = "egregore.Client", "src\egregore.Client\egregore.Client.csproj", "{D871982F-1AF6-42FB-B35E-C6DBB6CD4A92}"
EndProject
Project("{2150E333-8FDC-42A3-9474-1A3956D46DE8}") = "src", "src", "{40D8FAD2-2FEB-41A5-98E1-84876EF10EE8}"
EndProject
Project("{2150E333-8FDC-42A3-9474-1A3956D46DE8}") = "test", "test", "{124121A4-4A18-4475-BF10-515C52925515}"
EndProject
Project("{9A19103F-16F7-4668-BE54-9A1E7A4F7556}") = "LunrCore", "lib\lunr-core\LunrCore\LunrCore.csproj", "{F8AC1F6D-844D-4650-8AF1-98EEEC7E8C94}"
EndProject
Project("{9A19103F-16F7-4668-BE54-9A1E7A4F7556}") = "LunrCoreTests", "lib\lunr-core\LunrCoreTests\LunrCoreTests.csproj", "{F1A67C39-8F8C-4A42-A6BA-D3BEAE720990}"
EndProject
Project("{9A19103F-16F7-4668-BE54-9A1E7A4F7556}") = "egregore.Cryptography", "src\egregore.Cryptography\egregore.Cryptography.csproj", "{BB4E2A31-F49A-48CE-9376-410C36A10869}"
EndProject
Project("{9A19103F-16F7-4668-BE54-9A1E7A4F7556}") = "egregore.Cryptography.Tests", "test\egregore.Cryptography.Tests\egregore.Cryptography.Tests.csproj", "{7466E501-A839-4C95-8062-9DF2F8B17912}"
EndProject
Project("{9A19103F-16F7-4668-BE54-9A1E7A4F7556}") = "egregore.Data", "src\egregore.Data\egregore.Data.csproj", "{3E2DA989-D3E9-4051-81E5-ABD1A2664730}"
EndProject
Project("{9A19103F-16F7-4668-BE54-9A1E7A4F7556}") = "egregore.Network", "src\egregore.Network\egregore.Network.csproj", "{0BB6B6D2-D248-4EEE-A85B-7799132D539D}"
EndProject
Project("{9A19103F-16F7-4668-BE54-9A1E7A4F7556}") = "egregore.Data.Tests", "test\egregore.Data.Tests\egregore.Data.Tests.csproj", "{6A4CFD91-BFA9-4AD3-8454-010333009DAC}"
EndProject
Project("{9A19103F-16F7-4668-BE54-9A1E7A4F7556}") = "egregore.Network.Tests", "test\egregore.Network.Tests\egregore.Network.Tests.csproj", "{CEE343B3-2F0D-4F84-BCD1-E94B4E85C0E1}"
EndProject
Project("{9A19103F-16F7-4668-BE54-9A1E7A4F7556}") = "egregore.CodeGeneration", "src\egregore.CodeGeneration\egregore.CodeGeneration.csproj", "{86A2020C-AC45-4048-8C3D-81B1FD1D6A12}"
EndProject
Project("{9A19103F-16F7-4668-BE54-9A1E7A4F7556}") = "egregore.Logging", "src\egregore.Logging\egregore.Logging.csproj", "{CC81529C-D816-4109-86E0-83AC428E52E4}"
EndProject
Project("{9A19103F-16F7-4668-BE54-9A1E7A4F7556}") = "egregore.Logging.Tests", "test\egregore.Logging.Tests\egregore.Logging.Tests.csproj", "{28520F82-EF20-4C6B-9B66-F42A4BE50E4C}"
EndProject
Project("{9A19103F-16F7-4668-BE54-9A1E7A4F7556}") = "egregore.Web", "src\egregore.Web\egregore.Web.csproj", "{6D55BBCD-DC09-436F-B9F0-963E72EC7A4F}"
EndProject
Project("{9A19103F-16F7-4668-BE54-9A1E7A4F7556}") = "LunrCoreLmdb", "lib\lunr-core\LunrCoreLmdb\LunrCoreLmdb.csproj", "{34006368-985E-49F1-9E4D-CDD703B1C745}"
EndProject
Project("{9A19103F-16F7-4668-BE54-9A1E7A4F7556}") = "LunrCoreLmdbTests", "lib\lunr-core\LunrCoreLmdbTests\LunrCoreLmdbTests.csproj", "{953DB096-5DEB-4E92-9644-5B8A108AB4A5}"
EndProject
Project("{FAE04EC0-301F-11D3-BF4B-00C04F79EFBC}") = "ComplianceGen", "src\ComplianceGen\ComplianceGen\ComplianceGen.csproj", "{5BE39DA7-6634-4F3D-B65D-AD66A5609DE7}"
EndProject
Project("{2150E333-8FDC-42A3-9474-1A3956D46DE8}") = "build", "build", "{03E0EEC1-8601-4770-9929-00514082DA46}"
	ProjectSection(SolutionItems) = preProject
		.github\workflows\dist.yml = .github\workflows\dist.yml
		.github\workflows\dotnet-core.yml = .github\workflows\dotnet-core.yml
	EndProjectSection
EndProject
Global
	GlobalSection(SolutionConfigurationPlatforms) = preSolution
		Debug|Any CPU = Debug|Any CPU
		Release|Any CPU = Release|Any CPU
	EndGlobalSection
	GlobalSection(ProjectConfigurationPlatforms) = postSolution
		{740D1ED1-3341-4B18-8F63-8C3A389EB365}.Debug|Any CPU.ActiveCfg = Debug|Any CPU
		{740D1ED1-3341-4B18-8F63-8C3A389EB365}.Debug|Any CPU.Build.0 = Debug|Any CPU
		{740D1ED1-3341-4B18-8F63-8C3A389EB365}.Release|Any CPU.ActiveCfg = Release|Any CPU
		{740D1ED1-3341-4B18-8F63-8C3A389EB365}.Release|Any CPU.Build.0 = Release|Any CPU
		{464085BF-C52F-4967-9760-D5E463B1E18E}.Debug|Any CPU.ActiveCfg = Debug|Any CPU
		{464085BF-C52F-4967-9760-D5E463B1E18E}.Debug|Any CPU.Build.0 = Debug|Any CPU
		{464085BF-C52F-4967-9760-D5E463B1E18E}.Release|Any CPU.ActiveCfg = Release|Any CPU
		{464085BF-C52F-4967-9760-D5E463B1E18E}.Release|Any CPU.Build.0 = Release|Any CPU
		{B9F219AA-E7BF-4A80-B4C1-DEE7B2644657}.Debug|Any CPU.ActiveCfg = Debug|Any CPU
		{B9F219AA-E7BF-4A80-B4C1-DEE7B2644657}.Debug|Any CPU.Build.0 = Debug|Any CPU
		{B9F219AA-E7BF-4A80-B4C1-DEE7B2644657}.Release|Any CPU.ActiveCfg = Release|Any CPU
		{B9F219AA-E7BF-4A80-B4C1-DEE7B2644657}.Release|Any CPU.Build.0 = Release|Any CPU
		{75BA8D23-3BD0-4C40-857D-5F97A40E6090}.Debug|Any CPU.ActiveCfg = Debug|Any CPU
		{75BA8D23-3BD0-4C40-857D-5F97A40E6090}.Debug|Any CPU.Build.0 = Debug|Any CPU
		{75BA8D23-3BD0-4C40-857D-5F97A40E6090}.Release|Any CPU.ActiveCfg = Release|Any CPU
		{75BA8D23-3BD0-4C40-857D-5F97A40E6090}.Release|Any CPU.Build.0 = Release|Any CPU
		{782C776C-0E66-4831-8234-5F618DE3E512}.Debug|Any CPU.ActiveCfg = Debug|Any CPU
		{782C776C-0E66-4831-8234-5F618DE3E512}.Debug|Any CPU.Build.0 = Debug|Any CPU
		{782C776C-0E66-4831-8234-5F618DE3E512}.Release|Any CPU.ActiveCfg = Release|Any CPU
		{782C776C-0E66-4831-8234-5F618DE3E512}.Release|Any CPU.Build.0 = Release|Any CPU
		{C23A9DB4-3158-4DB3-814E-F97C4C3E24FC}.Debug|Any CPU.ActiveCfg = Debug|Any CPU
		{C23A9DB4-3158-4DB3-814E-F97C4C3E24FC}.Debug|Any CPU.Build.0 = Debug|Any CPU
		{C23A9DB4-3158-4DB3-814E-F97C4C3E24FC}.Release|Any CPU.ActiveCfg = Release|Any CPU
		{C23A9DB4-3158-4DB3-814E-F97C4C3E24FC}.Release|Any CPU.Build.0 = Release|Any CPU
		{D871982F-1AF6-42FB-B35E-C6DBB6CD4A92}.Debug|Any CPU.ActiveCfg = Debug|Any CPU
		{D871982F-1AF6-42FB-B35E-C6DBB6CD4A92}.Debug|Any CPU.Build.0 = Debug|Any CPU
		{D871982F-1AF6-42FB-B35E-C6DBB6CD4A92}.Release|Any CPU.ActiveCfg = Release|Any CPU
		{D871982F-1AF6-42FB-B35E-C6DBB6CD4A92}.Release|Any CPU.Build.0 = Release|Any CPU
		{F8AC1F6D-844D-4650-8AF1-98EEEC7E8C94}.Debug|Any CPU.ActiveCfg = Debug|Any CPU
		{F8AC1F6D-844D-4650-8AF1-98EEEC7E8C94}.Debug|Any CPU.Build.0 = Debug|Any CPU
		{F8AC1F6D-844D-4650-8AF1-98EEEC7E8C94}.Release|Any CPU.ActiveCfg = Release|Any CPU
		{F8AC1F6D-844D-4650-8AF1-98EEEC7E8C94}.Release|Any CPU.Build.0 = Release|Any CPU
		{F1A67C39-8F8C-4A42-A6BA-D3BEAE720990}.Debug|Any CPU.ActiveCfg = Debug|Any CPU
		{F1A67C39-8F8C-4A42-A6BA-D3BEAE720990}.Debug|Any CPU.Build.0 = Debug|Any CPU
		{F1A67C39-8F8C-4A42-A6BA-D3BEAE720990}.Release|Any CPU.ActiveCfg = Release|Any CPU
		{F1A67C39-8F8C-4A42-A6BA-D3BEAE720990}.Release|Any CPU.Build.0 = Release|Any CPU
		{BB4E2A31-F49A-48CE-9376-410C36A10869}.Debug|Any CPU.ActiveCfg = Debug|Any CPU
		{BB4E2A31-F49A-48CE-9376-410C36A10869}.Debug|Any CPU.Build.0 = Debug|Any CPU
		{BB4E2A31-F49A-48CE-9376-410C36A10869}.Release|Any CPU.ActiveCfg = Release|Any CPU
		{BB4E2A31-F49A-48CE-9376-410C36A10869}.Release|Any CPU.Build.0 = Release|Any CPU
		{7466E501-A839-4C95-8062-9DF2F8B17912}.Debug|Any CPU.ActiveCfg = Debug|Any CPU
		{7466E501-A839-4C95-8062-9DF2F8B17912}.Debug|Any CPU.Build.0 = Debug|Any CPU
		{7466E501-A839-4C95-8062-9DF2F8B17912}.Release|Any CPU.ActiveCfg = Release|Any CPU
		{7466E501-A839-4C95-8062-9DF2F8B17912}.Release|Any CPU.Build.0 = Release|Any CPU
		{3E2DA989-D3E9-4051-81E5-ABD1A2664730}.Debug|Any CPU.ActiveCfg = Debug|Any CPU
		{3E2DA989-D3E9-4051-81E5-ABD1A2664730}.Debug|Any CPU.Build.0 = Debug|Any CPU
		{3E2DA989-D3E9-4051-81E5-ABD1A2664730}.Release|Any CPU.ActiveCfg = Release|Any CPU
		{3E2DA989-D3E9-4051-81E5-ABD1A2664730}.Release|Any CPU.Build.0 = Release|Any CPU
		{0BB6B6D2-D248-4EEE-A85B-7799132D539D}.Debug|Any CPU.ActiveCfg = Debug|Any CPU
		{0BB6B6D2-D248-4EEE-A85B-7799132D539D}.Debug|Any CPU.Build.0 = Debug|Any CPU
		{0BB6B6D2-D248-4EEE-A85B-7799132D539D}.Release|Any CPU.ActiveCfg = Release|Any CPU
		{0BB6B6D2-D248-4EEE-A85B-7799132D539D}.Release|Any CPU.Build.0 = Release|Any CPU
		{6A4CFD91-BFA9-4AD3-8454-010333009DAC}.Debug|Any CPU.ActiveCfg = Debug|Any CPU
		{6A4CFD91-BFA9-4AD3-8454-010333009DAC}.Debug|Any CPU.Build.0 = Debug|Any CPU
		{6A4CFD91-BFA9-4AD3-8454-010333009DAC}.Release|Any CPU.ActiveCfg = Release|Any CPU
		{6A4CFD91-BFA9-4AD3-8454-010333009DAC}.Release|Any CPU.Build.0 = Release|Any CPU
		{CEE343B3-2F0D-4F84-BCD1-E94B4E85C0E1}.Debug|Any CPU.ActiveCfg = Debug|Any CPU
		{CEE343B3-2F0D-4F84-BCD1-E94B4E85C0E1}.Debug|Any CPU.Build.0 = Debug|Any CPU
		{CEE343B3-2F0D-4F84-BCD1-E94B4E85C0E1}.Release|Any CPU.ActiveCfg = Release|Any CPU
		{CEE343B3-2F0D-4F84-BCD1-E94B4E85C0E1}.Release|Any CPU.Build.0 = Release|Any CPU
		{86A2020C-AC45-4048-8C3D-81B1FD1D6A12}.Debug|Any CPU.ActiveCfg = Debug|Any CPU
		{86A2020C-AC45-4048-8C3D-81B1FD1D6A12}.Debug|Any CPU.Build.0 = Debug|Any CPU
		{86A2020C-AC45-4048-8C3D-81B1FD1D6A12}.Release|Any CPU.ActiveCfg = Release|Any CPU
		{86A2020C-AC45-4048-8C3D-81B1FD1D6A12}.Release|Any CPU.Build.0 = Release|Any CPU
		{CC81529C-D816-4109-86E0-83AC428E52E4}.Debug|Any CPU.ActiveCfg = Debug|Any CPU
		{CC81529C-D816-4109-86E0-83AC428E52E4}.Debug|Any CPU.Build.0 = Debug|Any CPU
		{CC81529C-D816-4109-86E0-83AC428E52E4}.Release|Any CPU.ActiveCfg = Release|Any CPU
		{CC81529C-D816-4109-86E0-83AC428E52E4}.Release|Any CPU.Build.0 = Release|Any CPU
		{28520F82-EF20-4C6B-9B66-F42A4BE50E4C}.Debug|Any CPU.ActiveCfg = Debug|Any CPU
		{28520F82-EF20-4C6B-9B66-F42A4BE50E4C}.Debug|Any CPU.Build.0 = Debug|Any CPU
		{28520F82-EF20-4C6B-9B66-F42A4BE50E4C}.Release|Any CPU.ActiveCfg = Release|Any CPU
		{28520F82-EF20-4C6B-9B66-F42A4BE50E4C}.Release|Any CPU.Build.0 = Release|Any CPU
		{6D55BBCD-DC09-436F-B9F0-963E72EC7A4F}.Debug|Any CPU.ActiveCfg = Debug|Any CPU
		{6D55BBCD-DC09-436F-B9F0-963E72EC7A4F}.Debug|Any CPU.Build.0 = Debug|Any CPU
		{6D55BBCD-DC09-436F-B9F0-963E72EC7A4F}.Release|Any CPU.ActiveCfg = Release|Any CPU
		{6D55BBCD-DC09-436F-B9F0-963E72EC7A4F}.Release|Any CPU.Build.0 = Release|Any CPU
		{34006368-985E-49F1-9E4D-CDD703B1C745}.Debug|Any CPU.ActiveCfg = Debug|Any CPU
		{34006368-985E-49F1-9E4D-CDD703B1C745}.Debug|Any CPU.Build.0 = Debug|Any CPU
		{34006368-985E-49F1-9E4D-CDD703B1C745}.Release|Any CPU.ActiveCfg = Release|Any CPU
		{34006368-985E-49F1-9E4D-CDD703B1C745}.Release|Any CPU.Build.0 = Release|Any CPU
		{953DB096-5DEB-4E92-9644-5B8A108AB4A5}.Debug|Any CPU.ActiveCfg = Debug|Any CPU
		{953DB096-5DEB-4E92-9644-5B8A108AB4A5}.Debug|Any CPU.Build.0 = Debug|Any CPU
		{953DB096-5DEB-4E92-9644-5B8A108AB4A5}.Release|Any CPU.ActiveCfg = Release|Any CPU
		{953DB096-5DEB-4E92-9644-5B8A108AB4A5}.Release|Any CPU.Build.0 = Release|Any CPU
		{5BE39DA7-6634-4F3D-B65D-AD66A5609DE7}.Debug|Any CPU.ActiveCfg = Debug|Any CPU
		{5BE39DA7-6634-4F3D-B65D-AD66A5609DE7}.Debug|Any CPU.Build.0 = Debug|Any CPU
		{5BE39DA7-6634-4F3D-B65D-AD66A5609DE7}.Release|Any CPU.ActiveCfg = Release|Any CPU
		{5BE39DA7-6634-4F3D-B65D-AD66A5609DE7}.Release|Any CPU.Build.0 = Release|Any CPU
	EndGlobalSection
	GlobalSection(SolutionProperties) = preSolution
		HideSolutionNode = FALSE
	EndGlobalSection
	GlobalSection(NestedProjects) = preSolution
		{740D1ED1-3341-4B18-8F63-8C3A389EB365} = {40D8FAD2-2FEB-41A5-98E1-84876EF10EE8}
		{464085BF-C52F-4967-9760-D5E463B1E18E} = {124121A4-4A18-4475-BF10-515C52925515}
		{B9F219AA-E7BF-4A80-B4C1-DEE7B2644657} = {F836212F-01E6-4CA7-9E38-33C5E4A15E12}
		{75BA8D23-3BD0-4C40-857D-5F97A40E6090} = {F836212F-01E6-4CA7-9E38-33C5E4A15E12}
		{782C776C-0E66-4831-8234-5F618DE3E512} = {F836212F-01E6-4CA7-9E38-33C5E4A15E12}
		{C23A9DB4-3158-4DB3-814E-F97C4C3E24FC} = {40D8FAD2-2FEB-41A5-98E1-84876EF10EE8}
		{D871982F-1AF6-42FB-B35E-C6DBB6CD4A92} = {40D8FAD2-2FEB-41A5-98E1-84876EF10EE8}
		{F8AC1F6D-844D-4650-8AF1-98EEEC7E8C94} = {F836212F-01E6-4CA7-9E38-33C5E4A15E12}
		{F1A67C39-8F8C-4A42-A6BA-D3BEAE720990} = {F836212F-01E6-4CA7-9E38-33C5E4A15E12}
		{BB4E2A31-F49A-48CE-9376-410C36A10869} = {40D8FAD2-2FEB-41A5-98E1-84876EF10EE8}
		{7466E501-A839-4C95-8062-9DF2F8B17912} = {124121A4-4A18-4475-BF10-515C52925515}
		{3E2DA989-D3E9-4051-81E5-ABD1A2664730} = {40D8FAD2-2FEB-41A5-98E1-84876EF10EE8}
		{0BB6B6D2-D248-4EEE-A85B-7799132D539D} = {40D8FAD2-2FEB-41A5-98E1-84876EF10EE8}
		{6A4CFD91-BFA9-4AD3-8454-010333009DAC} = {124121A4-4A18-4475-BF10-515C52925515}
		{CEE343B3-2F0D-4F84-BCD1-E94B4E85C0E1} = {124121A4-4A18-4475-BF10-515C52925515}
		{86A2020C-AC45-4048-8C3D-81B1FD1D6A12} = {40D8FAD2-2FEB-41A5-98E1-84876EF10EE8}
		{CC81529C-D816-4109-86E0-83AC428E52E4} = {40D8FAD2-2FEB-41A5-98E1-84876EF10EE8}
		{28520F82-EF20-4C6B-9B66-F42A4BE50E4C} = {124121A4-4A18-4475-BF10-515C52925515}
		{6D55BBCD-DC09-436F-B9F0-963E72EC7A4F} = {40D8FAD2-2FEB-41A5-98E1-84876EF10EE8}
		{34006368-985E-49F1-9E4D-CDD703B1C745} = {F836212F-01E6-4CA7-9E38-33C5E4A15E12}
		{953DB096-5DEB-4E92-9644-5B8A108AB4A5} = {F836212F-01E6-4CA7-9E38-33C5E4A15E12}
		{5BE39DA7-6634-4F3D-B65D-AD66A5609DE7} = {03E0EEC1-8601-4770-9929-00514082DA46}
	EndGlobalSection
	GlobalSection(ExtensibilityGlobals) = postSolution
		SolutionGuid = {EEFF3B3A-327F-4951-BFDA-7931BFDB52BC}
	EndGlobalSection
EndGlobal
