
Microsoft Visual Studio Solution File, Format Version 12.00
# Visual Studio Version 16
VisualStudioVersion = 16.0.30204.135
MinimumVisualStudioVersion = 10.0.40219.1
Project("{2150E333-8FDC-42A3-9474-1A3956D46DE8}") = "Solution Items", "Solution Items", "{4CB3F965-1FEA-4A75-A142-0FDBB4919224}"
	ProjectSection(SolutionItems) = preProject
		.editorconfig = .editorconfig
		AUTHORS.md = AUTHORS.md
		CODE_OF_CONDUCT.md = CODE_OF_CONDUCT.md
		CONTRIBUTING.md = CONTRIBUTING.md
		.github\workflows\dist.yml = .github\workflows\dist.yml
		.github\workflows\dotnet-core.yml = .github\workflows\dotnet-core.yml
		LICENSE = LICENSE
		README.md = README.md
		SECURITY.md = SECURITY.md
	EndProjectSection
EndProject
Project("{9A19103F-16F7-4668-BE54-9A1E7A4F7556}") = "egregore", "src\egregore\egregore.csproj", "{740D1ED1-3341-4B18-8F63-8C3A389EB365}"
EndProject
Project("{9A19103F-16F7-4668-BE54-9A1E7A4F7556}") = "egregore.Tests", "test\egregore.Tests\egregore.Tests.csproj", "{464085BF-C52F-4967-9760-D5E463B1E18E}"
EndProject
Project("{9A19103F-16F7-4668-BE54-9A1E7A4F7556}") = "egregore.Benchmarks", "test\egregore.Benchmarks\egregore.Benchmarks.csproj", "{857BDF4F-DF99-49B2-80D1-4A763A5F923B}"
EndProject
Project("{9A19103F-16F7-4668-BE54-9A1E7A4F7556}") = "Noise", "submodules\noise\Noise\Noise.csproj", "{B9F219AA-E7BF-4A80-B4C1-DEE7B2644657}"
EndProject
Project("{9A19103F-16F7-4668-BE54-9A1E7A4F7556}") = "Noise.Examples", "submodules\noise\Noise.Examples\Noise.Examples.csproj", "{75BA8D23-3BD0-4C40-857D-5F97A40E6090}"
EndProject
Project("{9A19103F-16F7-4668-BE54-9A1E7A4F7556}") = "Noise.Tests", "submodules\noise\Noise.Tests\Noise.Tests.csproj", "{782C776C-0E66-4831-8234-5F618DE3E512}"
EndProject
Project("{2150E333-8FDC-42A3-9474-1A3956D46DE8}") = "lib", "lib", "{F836212F-01E6-4CA7-9E38-33C5E4A15E12}"
EndProject
Project("{2150E333-8FDC-42A3-9474-1A3956D46DE8}") = "build", "build", "{70DA898A-AE42-4F63-9B12-5E720DC713A3}"
	ProjectSection(SolutionItems) = preProject
		.github\workflows\dist.yml = .github\workflows\dist.yml
		.github\workflows\dotnet-core.yml = .github\workflows\dotnet-core.yml
		build\version.json = build\version.json
		build\version.sh = build\version.sh
	EndProjectSection
EndProject
Project("{9A19103F-16F7-4668-BE54-9A1E7A4F7556}") = "egregore.Shared", "src\egregore.Shared\egregore.Shared.csproj", "{C23A9DB4-3158-4DB3-814E-F97C4C3E24FC}"
EndProject
Project("{9A19103F-16F7-4668-BE54-9A1E7A4F7556}") = "egregore.Client", "src\egregore.Client\egregore.Client.csproj", "{D871982F-1AF6-42FB-B35E-C6DBB6CD4A92}"
EndProject
Project("{2150E333-8FDC-42A3-9474-1A3956D46DE8}") = "src", "src", "{40D8FAD2-2FEB-41A5-98E1-84876EF10EE8}"
EndProject
Project("{2150E333-8FDC-42A3-9474-1A3956D46DE8}") = "test", "test", "{124121A4-4A18-4475-BF10-515C52925515}"
EndProject
Project("{9A19103F-16F7-4668-BE54-9A1E7A4F7556}") = "LunrCore", "lib\lunr-core\LunrCore\LunrCore.csproj", "{F8AC1F6D-844D-4650-8AF1-98EEEC7E8C94}"
EndProject
Project("{9A19103F-16F7-4668-BE54-9A1E7A4F7556}") = "LunrCoreTests", "lib\lunr-core\LunrCoreTests\LunrCoreTests.csproj", "{F1A67C39-8F8C-4A42-A6BA-D3BEAE720990}"
EndProject
Project("{9A19103F-16F7-4668-BE54-9A1E7A4F7556}") = "Blowdart.UI", "lib\blowdart.ui\src\Blowdart.UI\Blowdart.UI.csproj", "{DA0FA83B-D7EE-4E5C-9979-AC3194C48DF8}"
EndProject
Project("{9A19103F-16F7-4668-BE54-9A1E7A4F7556}") = "Blowdart.UI.Blazor", "lib\blowdart.ui\src\Blowdart.UI.Blazor\Blowdart.UI.Blazor.csproj", "{4CA6AD2E-B96B-4915-A628-782B7ABAC583}"
EndProject
Project("{9A19103F-16F7-4668-BE54-9A1E7A4F7556}") = "Blowdart.UI.Blazor.Tests", "lib\blowdart.ui\src\Blowdart.UI.Blazor.Tests\Blowdart.UI.Blazor.Tests.csproj", "{AE447A44-AC02-481A-9335-6DEEF9F5437E}"
EndProject
Project("{9A19103F-16F7-4668-BE54-9A1E7A4F7556}") = "Blowdart.UI.Tests", "lib\blowdart.ui\src\Blowdart.UI.Tests\Blowdart.UI.Tests.csproj", "{35029FEE-1C59-47ED-8C7B-F3C28EF71E21}"
EndProject
Project("{9A19103F-16F7-4668-BE54-9A1E7A4F7556}") = "Demo", "lib\blowdart.ui\test\Demo\Demo.csproj", "{A39923A2-2664-4718-A82E-72C25CB4E274}"
EndProject
Project("{9A19103F-16F7-4668-BE54-9A1E7A4F7556}") = "Blowdart.UI.Web", "lib\blowdart.ui\src\Blowdart.UI.Web\Blowdart.UI.Web.csproj", "{0BD3BFE7-DE5F-415B-9C8C-6E93E5CC42D5}"
EndProject
Project("{9A19103F-16F7-4668-BE54-9A1E7A4F7556}") = "BlazorApp1.Server", "src\BlazorApp1\Server\BlazorApp1.Server.csproj", "{AB1EF434-69A7-4FDE-8C8A-AD8C82257B0E}"
EndProject
Project("{9A19103F-16F7-4668-BE54-9A1E7A4F7556}") = "BlazorApp1.Client", "src\BlazorApp1\Client\BlazorApp1.Client.csproj", "{76D1BD8F-50F5-4B59-9D3A-669B8C4A4C1C}"
EndProject
Project("{9A19103F-16F7-4668-BE54-9A1E7A4F7556}") = "BlazorApp1.Shared", "src\BlazorApp1\Shared\BlazorApp1.Shared.csproj", "{C64D5999-67D5-460D-A9C2-633AAC32CAE1}"
EndProject
Project("{9A19103F-16F7-4668-BE54-9A1E7A4F7556}") = "egregore.Logging.LightningDb", "src\egregore.Logging.LightningDb\egregore.Logging.LightningDb.csproj", "{ABA5251D-31E5-4156-BF94-C01FCA1120F2}"
EndProject
Project("{9A19103F-16F7-4668-BE54-9A1E7A4F7556}") = "egregore.Logging.LightningDb.Tests", "src\egregore.Logging.LightningDb.Tests\egregore.Logging.LightningDb.Tests.csproj", "{FFB476C7-6545-4ED6-8F54-6BD8E7CE5A38}"
EndProject
Global
	GlobalSection(SolutionConfigurationPlatforms) = preSolution
		Debug|Any CPU = Debug|Any CPU
		Release|Any CPU = Release|Any CPU
	EndGlobalSection
	GlobalSection(ProjectConfigurationPlatforms) = postSolution
		{740D1ED1-3341-4B18-8F63-8C3A389EB365}.Debug|Any CPU.ActiveCfg = Debug|Any CPU
		{740D1ED1-3341-4B18-8F63-8C3A389EB365}.Debug|Any CPU.Build.0 = Debug|Any CPU
		{740D1ED1-3341-4B18-8F63-8C3A389EB365}.Release|Any CPU.ActiveCfg = Release|Any CPU
		{740D1ED1-3341-4B18-8F63-8C3A389EB365}.Release|Any CPU.Build.0 = Release|Any CPU
		{464085BF-C52F-4967-9760-D5E463B1E18E}.Debug|Any CPU.ActiveCfg = Debug|Any CPU
		{464085BF-C52F-4967-9760-D5E463B1E18E}.Debug|Any CPU.Build.0 = Debug|Any CPU
		{464085BF-C52F-4967-9760-D5E463B1E18E}.Release|Any CPU.ActiveCfg = Release|Any CPU
		{464085BF-C52F-4967-9760-D5E463B1E18E}.Release|Any CPU.Build.0 = Release|Any CPU
		{857BDF4F-DF99-49B2-80D1-4A763A5F923B}.Debug|Any CPU.ActiveCfg = Debug|Any CPU
		{857BDF4F-DF99-49B2-80D1-4A763A5F923B}.Debug|Any CPU.Build.0 = Debug|Any CPU
		{857BDF4F-DF99-49B2-80D1-4A763A5F923B}.Release|Any CPU.ActiveCfg = Release|Any CPU
		{857BDF4F-DF99-49B2-80D1-4A763A5F923B}.Release|Any CPU.Build.0 = Release|Any CPU
		{B9F219AA-E7BF-4A80-B4C1-DEE7B2644657}.Debug|Any CPU.ActiveCfg = Debug|Any CPU
		{B9F219AA-E7BF-4A80-B4C1-DEE7B2644657}.Debug|Any CPU.Build.0 = Debug|Any CPU
		{B9F219AA-E7BF-4A80-B4C1-DEE7B2644657}.Release|Any CPU.ActiveCfg = Release|Any CPU
		{B9F219AA-E7BF-4A80-B4C1-DEE7B2644657}.Release|Any CPU.Build.0 = Release|Any CPU
		{75BA8D23-3BD0-4C40-857D-5F97A40E6090}.Debug|Any CPU.ActiveCfg = Debug|Any CPU
		{75BA8D23-3BD0-4C40-857D-5F97A40E6090}.Debug|Any CPU.Build.0 = Debug|Any CPU
		{75BA8D23-3BD0-4C40-857D-5F97A40E6090}.Release|Any CPU.ActiveCfg = Release|Any CPU
		{75BA8D23-3BD0-4C40-857D-5F97A40E6090}.Release|Any CPU.Build.0 = Release|Any CPU
		{782C776C-0E66-4831-8234-5F618DE3E512}.Debug|Any CPU.ActiveCfg = Debug|Any CPU
		{782C776C-0E66-4831-8234-5F618DE3E512}.Debug|Any CPU.Build.0 = Debug|Any CPU
		{782C776C-0E66-4831-8234-5F618DE3E512}.Release|Any CPU.ActiveCfg = Release|Any CPU
		{782C776C-0E66-4831-8234-5F618DE3E512}.Release|Any CPU.Build.0 = Release|Any CPU
		{C23A9DB4-3158-4DB3-814E-F97C4C3E24FC}.Debug|Any CPU.ActiveCfg = Debug|Any CPU
		{C23A9DB4-3158-4DB3-814E-F97C4C3E24FC}.Debug|Any CPU.Build.0 = Debug|Any CPU
		{C23A9DB4-3158-4DB3-814E-F97C4C3E24FC}.Release|Any CPU.ActiveCfg = Release|Any CPU
		{C23A9DB4-3158-4DB3-814E-F97C4C3E24FC}.Release|Any CPU.Build.0 = Release|Any CPU
		{D871982F-1AF6-42FB-B35E-C6DBB6CD4A92}.Debug|Any CPU.ActiveCfg = Debug|Any CPU
		{D871982F-1AF6-42FB-B35E-C6DBB6CD4A92}.Debug|Any CPU.Build.0 = Debug|Any CPU
		{D871982F-1AF6-42FB-B35E-C6DBB6CD4A92}.Release|Any CPU.ActiveCfg = Release|Any CPU
		{D871982F-1AF6-42FB-B35E-C6DBB6CD4A92}.Release|Any CPU.Build.0 = Release|Any CPU
		{F8AC1F6D-844D-4650-8AF1-98EEEC7E8C94}.Debug|Any CPU.ActiveCfg = Debug|Any CPU
		{F8AC1F6D-844D-4650-8AF1-98EEEC7E8C94}.Debug|Any CPU.Build.0 = Debug|Any CPU
		{F8AC1F6D-844D-4650-8AF1-98EEEC7E8C94}.Release|Any CPU.ActiveCfg = Release|Any CPU
		{F8AC1F6D-844D-4650-8AF1-98EEEC7E8C94}.Release|Any CPU.Build.0 = Release|Any CPU
		{F1A67C39-8F8C-4A42-A6BA-D3BEAE720990}.Debug|Any CPU.ActiveCfg = Debug|Any CPU
		{F1A67C39-8F8C-4A42-A6BA-D3BEAE720990}.Debug|Any CPU.Build.0 = Debug|Any CPU
		{F1A67C39-8F8C-4A42-A6BA-D3BEAE720990}.Release|Any CPU.ActiveCfg = Release|Any CPU
		{F1A67C39-8F8C-4A42-A6BA-D3BEAE720990}.Release|Any CPU.Build.0 = Release|Any CPU
		{DA0FA83B-D7EE-4E5C-9979-AC3194C48DF8}.Debug|Any CPU.ActiveCfg = Debug|Any CPU
		{DA0FA83B-D7EE-4E5C-9979-AC3194C48DF8}.Debug|Any CPU.Build.0 = Debug|Any CPU
		{DA0FA83B-D7EE-4E5C-9979-AC3194C48DF8}.Release|Any CPU.ActiveCfg = Release|Any CPU
		{DA0FA83B-D7EE-4E5C-9979-AC3194C48DF8}.Release|Any CPU.Build.0 = Release|Any CPU
		{4CA6AD2E-B96B-4915-A628-782B7ABAC583}.Debug|Any CPU.ActiveCfg = Debug|Any CPU
		{4CA6AD2E-B96B-4915-A628-782B7ABAC583}.Debug|Any CPU.Build.0 = Debug|Any CPU
		{4CA6AD2E-B96B-4915-A628-782B7ABAC583}.Release|Any CPU.ActiveCfg = Release|Any CPU
		{4CA6AD2E-B96B-4915-A628-782B7ABAC583}.Release|Any CPU.Build.0 = Release|Any CPU
		{AE447A44-AC02-481A-9335-6DEEF9F5437E}.Debug|Any CPU.ActiveCfg = Debug|Any CPU
		{AE447A44-AC02-481A-9335-6DEEF9F5437E}.Debug|Any CPU.Build.0 = Debug|Any CPU
		{AE447A44-AC02-481A-9335-6DEEF9F5437E}.Release|Any CPU.ActiveCfg = Release|Any CPU
		{AE447A44-AC02-481A-9335-6DEEF9F5437E}.Release|Any CPU.Build.0 = Release|Any CPU
		{35029FEE-1C59-47ED-8C7B-F3C28EF71E21}.Debug|Any CPU.ActiveCfg = Debug|Any CPU
		{35029FEE-1C59-47ED-8C7B-F3C28EF71E21}.Debug|Any CPU.Build.0 = Debug|Any CPU
		{35029FEE-1C59-47ED-8C7B-F3C28EF71E21}.Release|Any CPU.ActiveCfg = Release|Any CPU
		{35029FEE-1C59-47ED-8C7B-F3C28EF71E21}.Release|Any CPU.Build.0 = Release|Any CPU
		{A39923A2-2664-4718-A82E-72C25CB4E274}.Debug|Any CPU.ActiveCfg = Debug|Any CPU
		{A39923A2-2664-4718-A82E-72C25CB4E274}.Debug|Any CPU.Build.0 = Debug|Any CPU
		{A39923A2-2664-4718-A82E-72C25CB4E274}.Release|Any CPU.ActiveCfg = Release|Any CPU
		{A39923A2-2664-4718-A82E-72C25CB4E274}.Release|Any CPU.Build.0 = Release|Any CPU
		{0BD3BFE7-DE5F-415B-9C8C-6E93E5CC42D5}.Debug|Any CPU.ActiveCfg = Debug|Any CPU
		{0BD3BFE7-DE5F-415B-9C8C-6E93E5CC42D5}.Debug|Any CPU.Build.0 = Debug|Any CPU
		{0BD3BFE7-DE5F-415B-9C8C-6E93E5CC42D5}.Release|Any CPU.ActiveCfg = Release|Any CPU
		{0BD3BFE7-DE5F-415B-9C8C-6E93E5CC42D5}.Release|Any CPU.Build.0 = Release|Any CPU
		{AB1EF434-69A7-4FDE-8C8A-AD8C82257B0E}.Debug|Any CPU.ActiveCfg = Debug|Any CPU
		{AB1EF434-69A7-4FDE-8C8A-AD8C82257B0E}.Debug|Any CPU.Build.0 = Debug|Any CPU
		{AB1EF434-69A7-4FDE-8C8A-AD8C82257B0E}.Release|Any CPU.ActiveCfg = Release|Any CPU
		{AB1EF434-69A7-4FDE-8C8A-AD8C82257B0E}.Release|Any CPU.Build.0 = Release|Any CPU
		{76D1BD8F-50F5-4B59-9D3A-669B8C4A4C1C}.Debug|Any CPU.ActiveCfg = Debug|Any CPU
		{76D1BD8F-50F5-4B59-9D3A-669B8C4A4C1C}.Debug|Any CPU.Build.0 = Debug|Any CPU
		{76D1BD8F-50F5-4B59-9D3A-669B8C4A4C1C}.Release|Any CPU.ActiveCfg = Release|Any CPU
		{76D1BD8F-50F5-4B59-9D3A-669B8C4A4C1C}.Release|Any CPU.Build.0 = Release|Any CPU
		{C64D5999-67D5-460D-A9C2-633AAC32CAE1}.Debug|Any CPU.ActiveCfg = Debug|Any CPU
		{C64D5999-67D5-460D-A9C2-633AAC32CAE1}.Debug|Any CPU.Build.0 = Debug|Any CPU
		{C64D5999-67D5-460D-A9C2-633AAC32CAE1}.Release|Any CPU.ActiveCfg = Release|Any CPU
		{C64D5999-67D5-460D-A9C2-633AAC32CAE1}.Release|Any CPU.Build.0 = Release|Any CPU
		{ABA5251D-31E5-4156-BF94-C01FCA1120F2}.Debug|Any CPU.ActiveCfg = Debug|Any CPU
		{ABA5251D-31E5-4156-BF94-C01FCA1120F2}.Debug|Any CPU.Build.0 = Debug|Any CPU
		{ABA5251D-31E5-4156-BF94-C01FCA1120F2}.Release|Any CPU.ActiveCfg = Release|Any CPU
		{ABA5251D-31E5-4156-BF94-C01FCA1120F2}.Release|Any CPU.Build.0 = Release|Any CPU
		{FFB476C7-6545-4ED6-8F54-6BD8E7CE5A38}.Debug|Any CPU.ActiveCfg = Debug|Any CPU
		{FFB476C7-6545-4ED6-8F54-6BD8E7CE5A38}.Debug|Any CPU.Build.0 = Debug|Any CPU
		{FFB476C7-6545-4ED6-8F54-6BD8E7CE5A38}.Release|Any CPU.ActiveCfg = Release|Any CPU
		{FFB476C7-6545-4ED6-8F54-6BD8E7CE5A38}.Release|Any CPU.Build.0 = Release|Any CPU
	EndGlobalSection
	GlobalSection(SolutionProperties) = preSolution
		HideSolutionNode = FALSE
	EndGlobalSection
	GlobalSection(NestedProjects) = preSolution
		{740D1ED1-3341-4B18-8F63-8C3A389EB365} = {40D8FAD2-2FEB-41A5-98E1-84876EF10EE8}
		{464085BF-C52F-4967-9760-D5E463B1E18E} = {124121A4-4A18-4475-BF10-515C52925515}
		{857BDF4F-DF99-49B2-80D1-4A763A5F923B} = {124121A4-4A18-4475-BF10-515C52925515}
		{B9F219AA-E7BF-4A80-B4C1-DEE7B2644657} = {F836212F-01E6-4CA7-9E38-33C5E4A15E12}
		{75BA8D23-3BD0-4C40-857D-5F97A40E6090} = {F836212F-01E6-4CA7-9E38-33C5E4A15E12}
		{782C776C-0E66-4831-8234-5F618DE3E512} = {F836212F-01E6-4CA7-9E38-33C5E4A15E12}
		{C23A9DB4-3158-4DB3-814E-F97C4C3E24FC} = {40D8FAD2-2FEB-41A5-98E1-84876EF10EE8}
		{D871982F-1AF6-42FB-B35E-C6DBB6CD4A92} = {40D8FAD2-2FEB-41A5-98E1-84876EF10EE8}
		{F8AC1F6D-844D-4650-8AF1-98EEEC7E8C94} = {F836212F-01E6-4CA7-9E38-33C5E4A15E12}
		{F1A67C39-8F8C-4A42-A6BA-D3BEAE720990} = {F836212F-01E6-4CA7-9E38-33C5E4A15E12}
		{DA0FA83B-D7EE-4E5C-9979-AC3194C48DF8} = {F836212F-01E6-4CA7-9E38-33C5E4A15E12}
		{4CA6AD2E-B96B-4915-A628-782B7ABAC583} = {F836212F-01E6-4CA7-9E38-33C5E4A15E12}
		{AE447A44-AC02-481A-9335-6DEEF9F5437E} = {F836212F-01E6-4CA7-9E38-33C5E4A15E12}
		{35029FEE-1C59-47ED-8C7B-F3C28EF71E21} = {F836212F-01E6-4CA7-9E38-33C5E4A15E12}
		{A39923A2-2664-4718-A82E-72C25CB4E274} = {F836212F-01E6-4CA7-9E38-33C5E4A15E12}
		{0BD3BFE7-DE5F-415B-9C8C-6E93E5CC42D5} = {F836212F-01E6-4CA7-9E38-33C5E4A15E12}
		{AB1EF434-69A7-4FDE-8C8A-AD8C82257B0E} = {40D8FAD2-2FEB-41A5-98E1-84876EF10EE8}
		{76D1BD8F-50F5-4B59-9D3A-669B8C4A4C1C} = {40D8FAD2-2FEB-41A5-98E1-84876EF10EE8}
		{C64D5999-67D5-460D-A9C2-633AAC32CAE1} = {40D8FAD2-2FEB-41A5-98E1-84876EF10EE8}
		{ABA5251D-31E5-4156-BF94-C01FCA1120F2} = {40D8FAD2-2FEB-41A5-98E1-84876EF10EE8}
		{FFB476C7-6545-4ED6-8F54-6BD8E7CE5A38} = {124121A4-4A18-4475-BF10-515C52925515}
	EndGlobalSection
	GlobalSection(ExtensibilityGlobals) = postSolution
		SolutionGuid = {EEFF3B3A-327F-4951-BFDA-7931BFDB52BC}
	EndGlobalSection
EndGlobal
