
Microsoft Visual Studio Solution File, Format Version 12.00
# Visual Studio Version 16
VisualStudioVersion = 16.0.30204.135
MinimumVisualStudioVersion = 10.0.40219.1
Project("{9A19103F-16F7-4668-BE54-9A1E7A4F7556}") = "egregore.Logging", "egregore.Logging\egregore.Logging.csproj", "{FC264751-0615-4429-BFD8-6D4064468200}"
EndProject
Project("{9A19103F-16F7-4668-BE54-9A1E7A4F7556}") = "egregore.Logging.Tests", "..\test\egregore.Logging.Tests\egregore.Logging.Tests.csproj", "{F05837CB-4171-4A97-98FA-7BE5DE19B99E}"
EndProject
Project("{9A19103F-16F7-4668-BE54-9A1E7A4F7556}") = "egregore.Logging.Benchmarks", "..\test\egregore.Logging.Benchmarks\egregore.Logging.Benchmarks.csproj", "{BD22BC26-13CC-4A0E-BFBD-A14E6C5B6ED5}"
EndProject
Global
	GlobalSection(SolutionConfigurationPlatforms) = preSolution
		Debug|Any CPU = Debug|Any CPU
		Release|Any CPU = Release|Any CPU
	EndGlobalSection
	GlobalSection(ProjectConfigurationPlatforms) = postSolution
		{FC264751-0615-4429-BFD8-6D4064468200}.Debug|Any CPU.ActiveCfg = Debug|Any CPU
		{FC264751-0615-4429-BFD8-6D4064468200}.Debug|Any CPU.Build.0 = Debug|Any CPU
		{FC264751-0615-4429-BFD8-6D4064468200}.Release|Any CPU.ActiveCfg = Release|Any CPU
		{FC264751-0615-4429-BFD8-6D4064468200}.Release|Any CPU.Build.0 = Release|Any CPU
		{F05837CB-4171-4A97-98FA-7BE5DE19B99E}.Debug|Any CPU.ActiveCfg = Debug|Any CPU
		{F05837CB-4171-4A97-98FA-7BE5DE19B99E}.Debug|Any CPU.Build.0 = Debug|Any CPU
		{F05837CB-4171-4A97-98FA-7BE5DE19B99E}.Release|Any CPU.ActiveCfg = Release|Any CPU
		{F05837CB-4171-4A97-98FA-7BE5DE19B99E}.Release|Any CPU.Build.0 = Release|Any CPU
		{BD22BC26-13CC-4A0E-BFBD-A14E6C5B6ED5}.Debug|Any CPU.ActiveCfg = Debug|Any CPU
		{BD22BC26-13CC-4A0E-BFBD-A14E6C5B6ED5}.Debug|Any CPU.Build.0 = Debug|Any CPU
		{BD22BC26-13CC-4A0E-BFBD-A14E6C5B6ED5}.Release|Any CPU.ActiveCfg = Release|Any CPU
		{BD22BC26-13CC-4A0E-BFBD-A14E6C5B6ED5}.Release|Any CPU.Build.0 = Release|Any CPU
	EndGlobalSection
	GlobalSection(SolutionProperties) = preSolution
		HideSolutionNode = FALSE
	EndGlobalSection
	GlobalSection(ExtensibilityGlobals) = postSolution
		SolutionGuid = {EEFF3B3A-327F-4951-BFDA-7931BFDB52BC}
	EndGlobalSection
EndGlobal
