
Microsoft Visual Studio Solution File, Format Version 12.00
# Visual Studio Version 16
VisualStudioVersion = 16.0.30204.135
MinimumVisualStudioVersion = 10.0.40219.1
Project("{9A19103F-16F7-4668-BE54-9A1E7A4F7556}") = "egregore.Data", "egregore.Data\egregore.Data.csproj", "{C86A1415-EA10-4E39-AA3C-06E808193C67}"
EndProject
Project("{9A19103F-16F7-4668-BE54-9A1E7A4F7556}") = "egregore.Data.Tests", "..\test\egregore.Data.Tests\egregore.Data.Tests.csproj", "{2E5D3A36-24A9-4A7B-8E68-029493CBCF13}"
EndProject
Project("{9A19103F-16F7-4668-BE54-9A1E7A4F7556}") = "egregore.Data.Benchmarks", "..\test\egregore.Data.Benchmarks\egregore.Data.Benchmarks.csproj", "{FE823E0C-0D97-468D-92F3-2C60E64454BC}"
EndProject
Project("{9A19103F-16F7-4668-BE54-9A1E7A4F7556}") = "egregore.CodeGeneration", "egregore.CodeGeneration\egregore.CodeGeneration.csproj", "{45EA17AD-699C-4ECC-B7E3-1E30B5F13F38}"
EndProject
Project("{9A19103F-16F7-4668-BE54-9A1E7A4F7556}") = "LunrCore", "..\lib\lunr-core\LunrCore\LunrCore.csproj", "{C300F778-001D-43CD-A0BF-41028456AC8B}"
EndProject
Global
	GlobalSection(SolutionConfigurationPlatforms) = preSolution
		Debug|Any CPU = Debug|Any CPU
		Release|Any CPU = Release|Any CPU
	EndGlobalSection
	GlobalSection(ProjectConfigurationPlatforms) = postSolution
		{C86A1415-EA10-4E39-AA3C-06E808193C67}.Debug|Any CPU.ActiveCfg = Debug|Any CPU
		{C86A1415-EA10-4E39-AA3C-06E808193C67}.Debug|Any CPU.Build.0 = Debug|Any CPU
		{C86A1415-EA10-4E39-AA3C-06E808193C67}.Release|Any CPU.ActiveCfg = Release|Any CPU
		{C86A1415-EA10-4E39-AA3C-06E808193C67}.Release|Any CPU.Build.0 = Release|Any CPU
		{2E5D3A36-24A9-4A7B-8E68-029493CBCF13}.Debug|Any CPU.ActiveCfg = Debug|Any CPU
		{2E5D3A36-24A9-4A7B-8E68-029493CBCF13}.Debug|Any CPU.Build.0 = Debug|Any CPU
		{2E5D3A36-24A9-4A7B-8E68-029493CBCF13}.Release|Any CPU.ActiveCfg = Release|Any CPU
		{2E5D3A36-24A9-4A7B-8E68-029493CBCF13}.Release|Any CPU.Build.0 = Release|Any CPU
		{FE823E0C-0D97-468D-92F3-2C60E64454BC}.Debug|Any CPU.ActiveCfg = Debug|Any CPU
		{FE823E0C-0D97-468D-92F3-2C60E64454BC}.Debug|Any CPU.Build.0 = Debug|Any CPU
		{FE823E0C-0D97-468D-92F3-2C60E64454BC}.Release|Any CPU.ActiveCfg = Release|Any CPU
		{FE823E0C-0D97-468D-92F3-2C60E64454BC}.Release|Any CPU.Build.0 = Release|Any CPU
		{45EA17AD-699C-4ECC-B7E3-1E30B5F13F38}.Debug|Any CPU.ActiveCfg = Debug|Any CPU
		{45EA17AD-699C-4ECC-B7E3-1E30B5F13F38}.Debug|Any CPU.Build.0 = Debug|Any CPU
		{45EA17AD-699C-4ECC-B7E3-1E30B5F13F38}.Release|Any CPU.ActiveCfg = Release|Any CPU
		{45EA17AD-699C-4ECC-B7E3-1E30B5F13F38}.Release|Any CPU.Build.0 = Release|Any CPU
		{C300F778-001D-43CD-A0BF-41028456AC8B}.Debug|Any CPU.ActiveCfg = Debug|Any CPU
		{C300F778-001D-43CD-A0BF-41028456AC8B}.Debug|Any CPU.Build.0 = Debug|Any CPU
		{C300F778-001D-43CD-A0BF-41028456AC8B}.Release|Any CPU.ActiveCfg = Release|Any CPU
		{C300F778-001D-43CD-A0BF-41028456AC8B}.Release|Any CPU.Build.0 = Release|Any CPU
	EndGlobalSection
	GlobalSection(SolutionProperties) = preSolution
		HideSolutionNode = FALSE
	EndGlobalSection
	GlobalSection(ExtensibilityGlobals) = postSolution
		SolutionGuid = {EEFF3B3A-327F-4951-BFDA-7931BFDB52BC}
	EndGlobalSection
EndGlobal
