
Microsoft Visual Studio Solution File, Format Version 12.00
# Visual Studio Version 16
VisualStudioVersion = 16.0.30204.135
MinimumVisualStudioVersion = 10.0.40219.1
Project("{9A19103F-16F7-4668-BE54-9A1E7A4F7556}") = "egregore.Cryptography", "egregore.Cryptography\egregore.Cryptography.csproj", "{C64CDA17-B8BD-478F-ADC0-1B2A462FDA3E}"
EndProject
Project("{9A19103F-16F7-4668-BE54-9A1E7A4F7556}") = "egregore.Cryptography.Tests", "..\test\egregore.Cryptography.Tests\egregore.Cryptography.Tests.csproj", "{0BBDB734-B15D-434B-B77D-E314C17388B1}"
EndProject
Project("{FAE04EC0-301F-11D3-BF4B-00C04F79EFBC}") = "egregore.Cryptography.Benchmarks", "..\test\egregore.Cryptography.Benchmarks\egregore.Cryptography.Benchmarks.csproj", "{DB8615FE-DD91-43EE-BBC9-B579B2FE456C}"
EndProject
Global
	GlobalSection(SolutionConfigurationPlatforms) = preSolution
		Debug|Any CPU = Debug|Any CPU
		Release|Any CPU = Release|Any CPU
	EndGlobalSection
	GlobalSection(ProjectConfigurationPlatforms) = postSolution
		{C64CDA17-B8BD-478F-ADC0-1B2A462FDA3E}.Debug|Any CPU.ActiveCfg = Debug|Any CPU
		{C64CDA17-B8BD-478F-ADC0-1B2A462FDA3E}.Debug|Any CPU.Build.0 = Debug|Any CPU
		{C64CDA17-B8BD-478F-ADC0-1B2A462FDA3E}.Release|Any CPU.ActiveCfg = Release|Any CPU
		{C64CDA17-B8BD-478F-ADC0-1B2A462FDA3E}.Release|Any CPU.Build.0 = Release|Any CPU
		{0BBDB734-B15D-434B-B77D-E314C17388B1}.Debug|Any CPU.ActiveCfg = Debug|Any CPU
		{0BBDB734-B15D-434B-B77D-E314C17388B1}.Debug|Any CPU.Build.0 = Debug|Any CPU
		{0BBDB734-B15D-434B-B77D-E314C17388B1}.Release|Any CPU.ActiveCfg = Release|Any CPU
		{0BBDB734-B15D-434B-B77D-E314C17388B1}.Release|Any CPU.Build.0 = Release|Any CPU
		{DB8615FE-DD91-43EE-BBC9-B579B2FE456C}.Debug|Any CPU.ActiveCfg = Debug|Any CPU
		{DB8615FE-DD91-43EE-BBC9-B579B2FE456C}.Debug|Any CPU.Build.0 = Debug|Any CPU
		{DB8615FE-DD91-43EE-BBC9-B579B2FE456C}.Release|Any CPU.ActiveCfg = Release|Any CPU
		{DB8615FE-DD91-43EE-BBC9-B579B2FE456C}.Release|Any CPU.Build.0 = Release|Any CPU
	EndGlobalSection
	GlobalSection(SolutionProperties) = preSolution
		HideSolutionNode = FALSE
	EndGlobalSection
	GlobalSection(ExtensibilityGlobals) = postSolution
		SolutionGuid = {EEFF3B3A-327F-4951-BFDA-7931BFDB52BC}
	EndGlobalSection
EndGlobal
